
Microsoft Visual Studio Solution File, Format Version 12.00
# Visual Studio 15
VisualStudioVersion = 15.0.27130.2026
MinimumVisualStudioVersion = 10.0.40219.1
Project("{FAE04EC0-301F-11D3-BF4B-00C04F79EFBC}") = "senior-design-application", "senior-design-application.csproj", "{BC851DBE-A508-4E01-AA2D-55FE8D8D9197}"
EndProject
Global
	GlobalSection(SolutionConfigurationPlatforms) = preSolution
		Debug|Any CPU = Debug|Any CPU
		Release|Any CPU = Release|Any CPU
	EndGlobalSection
	GlobalSection(ProjectConfigurationPlatforms) = postSolution
		{BC851DBE-A508-4E01-AA2D-55FE8D8D9197}.Debug|Any CPU.ActiveCfg = Debug|Any CPU
		{BC851DBE-A508-4E01-AA2D-55FE8D8D9197}.Debug|Any CPU.Build.0 = Debug|Any CPU
		{BC851DBE-A508-4E01-AA2D-55FE8D8D9197}.Release|Any CPU.ActiveCfg = Release|Any CPU
		{BC851DBE-A508-4E01-AA2D-55FE8D8D9197}.Release|Any CPU.Build.0 = Release|Any CPU
	EndGlobalSection
	GlobalSection(SolutionProperties) = preSolution
		HideSolutionNode = FALSE
	EndGlobalSection
	GlobalSection(ExtensibilityGlobals) = postSolution
		SolutionGuid = {66DFE229-F1BB-46E1-8BFC-4D1371741604}
	EndGlobalSection
EndGlobal
